// !$*UTF8*$!
{
	archiveVersion = 1;
	classes = {
	};
	objectVersion = 51;
	objects = {

/* Begin PBXBuildFile section */
		144FC15019920ED8901C3DE3 /* Pods_YTaxiTests.framework in Frameworks */ = {isa = PBXBuildFile; fileRef = 24AA190F0B28943404186BED /* Pods_YTaxiTests.framework */; };
		C08EB159252B49730045A07A /* AppDelegate.swift in Sources */ = {isa = PBXBuildFile; fileRef = C08EB158252B49730045A07A /* AppDelegate.swift */; };
		C08EB15B252B49730045A07A /* SceneDelegate.swift in Sources */ = {isa = PBXBuildFile; fileRef = C08EB15A252B49730045A07A /* SceneDelegate.swift */; };
		C08EB162252B49760045A07A /* Assets.xcassets in Resources */ = {isa = PBXBuildFile; fileRef = C08EB161252B49760045A07A /* Assets.xcassets */; };
		C08EB165252B49760045A07A /* LaunchScreen.storyboard in Resources */ = {isa = PBXBuildFile; fileRef = C08EB163252B49760045A07A /* LaunchScreen.storyboard */; };
		C08EB173252B51A00045A07A /* Login.swift in Sources */ = {isa = PBXBuildFile; fileRef = C08EB172252B51A00045A07A /* Login.swift */; };
		C08EB175252B52F10045A07A /* Signup.swift in Sources */ = {isa = PBXBuildFile; fileRef = C08EB174252B52F10045A07A /* Signup.swift */; };
		C08EB17A252B53350045A07A /* UIButton.swift in Sources */ = {isa = PBXBuildFile; fileRef = C08EB176252B53350045A07A /* UIButton.swift */; };
		C08EB17B252B53350045A07A /* UITextField.swift in Sources */ = {isa = PBXBuildFile; fileRef = C08EB177252B53350045A07A /* UITextField.swift */; };
		C08EB17C252B53350045A07A /* UIColor.swift in Sources */ = {isa = PBXBuildFile; fileRef = C08EB178252B53350045A07A /* UIColor.swift */; };
		C08EB17D252B53350045A07A /* UIView.swift in Sources */ = {isa = PBXBuildFile; fileRef = C08EB179252B53350045A07A /* UIView.swift */; };
		C08EB17F252B5B940045A07A /* GoogleService-Info.plist in Resources */ = {isa = PBXBuildFile; fileRef = C08EB17E252B5B940045A07A /* GoogleService-Info.plist */; };
		C08EB181252B77600045A07A /* AuthenticationService.swift in Sources */ = {isa = PBXBuildFile; fileRef = C08EB180252B77600045A07A /* AuthenticationService.swift */; };
		C08EB183252B7AB10045A07A /* LoginViewModel.swift in Sources */ = {isa = PBXBuildFile; fileRef = C08EB182252B7AB10045A07A /* LoginViewModel.swift */; };
		C08EB185252B81080045A07A /* UserCredential.swift in Sources */ = {isa = PBXBuildFile; fileRef = C08EB184252B81080045A07A /* UserCredential.swift */; };
		C08EB187252BADFF0045A07A /* Home.swift in Sources */ = {isa = PBXBuildFile; fileRef = C08EB186252BADFF0045A07A /* Home.swift */; };
		C08EB198252CA5000045A07A /* AuthLoginTest.swift in Sources */ = {isa = PBXBuildFile; fileRef = C08EB197252CA5000045A07A /* AuthLoginTest.swift */; };
		C08EB19B252CA7440045A07A /* LoginServiceMock.swift in Sources */ = {isa = PBXBuildFile; fileRef = C08EB19A252CA7440045A07A /* LoginServiceMock.swift */; };
		C08EB19D252CAC2B0045A07A /* SignupServiceMock.swift in Sources */ = {isa = PBXBuildFile; fileRef = C08EB19C252CAC2B0045A07A /* SignupServiceMock.swift */; };
		C08EB19F252CC9110045A07A /* AuthSignupTest.swift in Sources */ = {isa = PBXBuildFile; fileRef = C08EB19E252CC9110045A07A /* AuthSignupTest.swift */; };
		C08EB1A2252DF21E0045A07A /* LocationActivationInputView.swift in Sources */ = {isa = PBXBuildFile; fileRef = C08EB1A1252DF21E0045A07A /* LocationActivationInputView.swift */; };
		EF48A969AC62BD5CBA2FAA6B /* Pods_YTaxi.framework in Frameworks */ = {isa = PBXBuildFile; fileRef = B5231D0B9C655BC6375DAAF1 /* Pods_YTaxi.framework */; };
/* End PBXBuildFile section */

/* Begin PBXContainerItemProxy section */
		C08EB191252C9C920045A07A /* PBXContainerItemProxy */ = {
			isa = PBXContainerItemProxy;
			containerPortal = C08EB14D252B49730045A07A /* Project object */;
			proxyType = 1;
			remoteGlobalIDString = C08EB154252B49730045A07A;
			remoteInfo = YTaxi;
		};
/* End PBXContainerItemProxy section */

/* Begin PBXFileReference section */
		24AA190F0B28943404186BED /* Pods_YTaxiTests.framework */ = {isa = PBXFileReference; explicitFileType = wrapper.framework; includeInIndex = 0; path = Pods_YTaxiTests.framework; sourceTree = BUILT_PRODUCTS_DIR; };
		3D32AF4D5CCF1B6FE3B239D5 /* Pods-YTaxi.debug.xcconfig */ = {isa = PBXFileReference; includeInIndex = 1; lastKnownFileType = text.xcconfig; name = "Pods-YTaxi.debug.xcconfig"; path = "Target Support Files/Pods-YTaxi/Pods-YTaxi.debug.xcconfig"; sourceTree = "<group>"; };
		4FEF1419373F6930CF2B5052 /* Pods-YTaxiTests.release.xcconfig */ = {isa = PBXFileReference; includeInIndex = 1; lastKnownFileType = text.xcconfig; name = "Pods-YTaxiTests.release.xcconfig"; path = "Target Support Files/Pods-YTaxiTests/Pods-YTaxiTests.release.xcconfig"; sourceTree = "<group>"; };
		6620A1919840E315BA998258 /* Pods-YTaxi.release.xcconfig */ = {isa = PBXFileReference; includeInIndex = 1; lastKnownFileType = text.xcconfig; name = "Pods-YTaxi.release.xcconfig"; path = "Target Support Files/Pods-YTaxi/Pods-YTaxi.release.xcconfig"; sourceTree = "<group>"; };
		A6AE3C43A4C07A7EADC7D559 /* Pods-YTaxiTests.debug.xcconfig */ = {isa = PBXFileReference; includeInIndex = 1; lastKnownFileType = text.xcconfig; name = "Pods-YTaxiTests.debug.xcconfig"; path = "Target Support Files/Pods-YTaxiTests/Pods-YTaxiTests.debug.xcconfig"; sourceTree = "<group>"; };
		B5231D0B9C655BC6375DAAF1 /* Pods_YTaxi.framework */ = {isa = PBXFileReference; explicitFileType = wrapper.framework; includeInIndex = 0; path = Pods_YTaxi.framework; sourceTree = BUILT_PRODUCTS_DIR; };
		C08EB155252B49730045A07A /* YTaxi.app */ = {isa = PBXFileReference; explicitFileType = wrapper.application; includeInIndex = 0; path = YTaxi.app; sourceTree = BUILT_PRODUCTS_DIR; };
		C08EB158252B49730045A07A /* AppDelegate.swift */ = {isa = PBXFileReference; lastKnownFileType = sourcecode.swift; path = AppDelegate.swift; sourceTree = "<group>"; };
		C08EB15A252B49730045A07A /* SceneDelegate.swift */ = {isa = PBXFileReference; lastKnownFileType = sourcecode.swift; path = SceneDelegate.swift; sourceTree = "<group>"; };
		C08EB161252B49760045A07A /* Assets.xcassets */ = {isa = PBXFileReference; lastKnownFileType = folder.assetcatalog; path = Assets.xcassets; sourceTree = "<group>"; };
		C08EB164252B49760045A07A /* Base */ = {isa = PBXFileReference; lastKnownFileType = file.storyboard; name = Base; path = Base.lproj/LaunchScreen.storyboard; sourceTree = "<group>"; };
		C08EB166252B49760045A07A /* Info.plist */ = {isa = PBXFileReference; lastKnownFileType = text.plist.xml; path = Info.plist; sourceTree = "<group>"; };
		C08EB172252B51A00045A07A /* Login.swift */ = {isa = PBXFileReference; lastKnownFileType = sourcecode.swift; path = Login.swift; sourceTree = "<group>"; };
		C08EB174252B52F10045A07A /* Signup.swift */ = {isa = PBXFileReference; lastKnownFileType = sourcecode.swift; path = Signup.swift; sourceTree = "<group>"; };
		C08EB176252B53350045A07A /* UIButton.swift */ = {isa = PBXFileReference; fileEncoding = 4; lastKnownFileType = sourcecode.swift; path = UIButton.swift; sourceTree = "<group>"; };
		C08EB177252B53350045A07A /* UITextField.swift */ = {isa = PBXFileReference; fileEncoding = 4; lastKnownFileType = sourcecode.swift; path = UITextField.swift; sourceTree = "<group>"; };
		C08EB178252B53350045A07A /* UIColor.swift */ = {isa = PBXFileReference; fileEncoding = 4; lastKnownFileType = sourcecode.swift; path = UIColor.swift; sourceTree = "<group>"; };
		C08EB179252B53350045A07A /* UIView.swift */ = {isa = PBXFileReference; fileEncoding = 4; lastKnownFileType = sourcecode.swift; path = UIView.swift; sourceTree = "<group>"; };
		C08EB17E252B5B940045A07A /* GoogleService-Info.plist */ = {isa = PBXFileReference; fileEncoding = 4; lastKnownFileType = text.plist.xml; path = "GoogleService-Info.plist"; sourceTree = "<group>"; };
		C08EB180252B77600045A07A /* AuthenticationService.swift */ = {isa = PBXFileReference; lastKnownFileType = sourcecode.swift; path = AuthenticationService.swift; sourceTree = "<group>"; };
		C08EB182252B7AB10045A07A /* LoginViewModel.swift */ = {isa = PBXFileReference; lastKnownFileType = sourcecode.swift; path = LoginViewModel.swift; sourceTree = "<group>"; };
		C08EB184252B81080045A07A /* UserCredential.swift */ = {isa = PBXFileReference; lastKnownFileType = sourcecode.swift; path = UserCredential.swift; sourceTree = "<group>"; };
		C08EB186252BADFF0045A07A /* Home.swift */ = {isa = PBXFileReference; lastKnownFileType = sourcecode.swift; path = Home.swift; sourceTree = "<group>"; };
		C08EB18C252C9C920045A07A /* YTaxiTests.xctest */ = {isa = PBXFileReference; explicitFileType = wrapper.cfbundle; includeInIndex = 0; path = YTaxiTests.xctest; sourceTree = BUILT_PRODUCTS_DIR; };
		C08EB190252C9C920045A07A /* Info.plist */ = {isa = PBXFileReference; lastKnownFileType = text.plist.xml; path = Info.plist; sourceTree = "<group>"; };
		C08EB196252CA5000045A07A /* YTaxiTests-Bridging-Header.h */ = {isa = PBXFileReference; lastKnownFileType = sourcecode.c.h; path = "YTaxiTests-Bridging-Header.h"; sourceTree = "<group>"; };
		C08EB197252CA5000045A07A /* AuthLoginTest.swift */ = {isa = PBXFileReference; lastKnownFileType = sourcecode.swift; path = AuthLoginTest.swift; sourceTree = "<group>"; };
		C08EB19A252CA7440045A07A /* LoginServiceMock.swift */ = {isa = PBXFileReference; lastKnownFileType = sourcecode.swift; path = LoginServiceMock.swift; sourceTree = "<group>"; };
		C08EB19C252CAC2B0045A07A /* SignupServiceMock.swift */ = {isa = PBXFileReference; lastKnownFileType = sourcecode.swift; path = SignupServiceMock.swift; sourceTree = "<group>"; };
		C08EB19E252CC9110045A07A /* AuthSignupTest.swift */ = {isa = PBXFileReference; lastKnownFileType = sourcecode.swift; path = AuthSignupTest.swift; sourceTree = "<group>"; };
		C08EB1A1252DF21E0045A07A /* LocationActivationInputView.swift */ = {isa = PBXFileReference; lastKnownFileType = sourcecode.swift; path = LocationActivationInputView.swift; sourceTree = "<group>"; };
/* End PBXFileReference section */

/* Begin PBXFrameworksBuildPhase section */
		C08EB152252B49730045A07A /* Frameworks */ = {
			isa = PBXFrameworksBuildPhase;
			buildActionMask = 2147483647;
			files = (
				EF48A969AC62BD5CBA2FAA6B /* Pods_YTaxi.framework in Frameworks */,
			);
			runOnlyForDeploymentPostprocessing = 0;
		};
		C08EB189252C9C920045A07A /* Frameworks */ = {
			isa = PBXFrameworksBuildPhase;
			buildActionMask = 2147483647;
			files = (
				144FC15019920ED8901C3DE3 /* Pods_YTaxiTests.framework in Frameworks */,
			);
			runOnlyForDeploymentPostprocessing = 0;
		};
/* End PBXFrameworksBuildPhase section */

/* Begin PBXGroup section */
		0889713395381F465C628416 /* Frameworks */ = {
			isa = PBXGroup;
			children = (
				B5231D0B9C655BC6375DAAF1 /* Pods_YTaxi.framework */,
				24AA190F0B28943404186BED /* Pods_YTaxiTests.framework */,
			);
			name = Frameworks;
			sourceTree = "<group>";
		};
		50C328FE9537FD86D4820BC7 /* Pods */ = {
			isa = PBXGroup;
			children = (
				3D32AF4D5CCF1B6FE3B239D5 /* Pods-YTaxi.debug.xcconfig */,
				6620A1919840E315BA998258 /* Pods-YTaxi.release.xcconfig */,
				A6AE3C43A4C07A7EADC7D559 /* Pods-YTaxiTests.debug.xcconfig */,
				4FEF1419373F6930CF2B5052 /* Pods-YTaxiTests.release.xcconfig */,
			);
			path = Pods;
			sourceTree = "<group>";
		};
		C08EB14C252B49730045A07A = {
			isa = PBXGroup;
			children = (
				C08EB157252B49730045A07A /* YTaxi */,
				C08EB18D252C9C920045A07A /* YTaxiTests */,
				C08EB156252B49730045A07A /* Products */,
				50C328FE9537FD86D4820BC7 /* Pods */,
				0889713395381F465C628416 /* Frameworks */,
			);
			sourceTree = "<group>";
		};
		C08EB156252B49730045A07A /* Products */ = {
			isa = PBXGroup;
			children = (
				C08EB155252B49730045A07A /* YTaxi.app */,
				C08EB18C252C9C920045A07A /* YTaxiTests.xctest */,
			);
			name = Products;
			sourceTree = "<group>";
		};
		C08EB157252B49730045A07A /* YTaxi */ = {
			isa = PBXGroup;
			children = (
				C08EB158252B49730045A07A /* AppDelegate.swift */,
				C08EB15A252B49730045A07A /* SceneDelegate.swift */,
				C08EB171252B51130045A07A /* Model */,
				C08EB170252B51120045A07A /* View */,
				C08EB16F252B51110045A07A /* ViewModel */,
				C08EB16E252B510F0045A07A /* Controller */,
				C08EB16D252B510E0045A07A /* API */,
				C08EB16C252B510A0045A07A /* Extension */,
				C08EB161252B49760045A07A /* Assets.xcassets */,
				C08EB163252B49760045A07A /* LaunchScreen.storyboard */,
				C08EB166252B49760045A07A /* Info.plist */,
				C08EB17E252B5B940045A07A /* GoogleService-Info.plist */,
			);
			path = YTaxi;
			sourceTree = "<group>";
		};
		C08EB16C252B510A0045A07A /* Extension */ = {
			isa = PBXGroup;
			children = (
				C08EB176252B53350045A07A /* UIButton.swift */,
				C08EB178252B53350045A07A /* UIColor.swift */,
				C08EB177252B53350045A07A /* UITextField.swift */,
				C08EB179252B53350045A07A /* UIView.swift */,
			);
			path = Extension;
			sourceTree = "<group>";
		};
		C08EB16D252B510E0045A07A /* API */ = {
			isa = PBXGroup;
			children = (
				C08EB180252B77600045A07A /* AuthenticationService.swift */,
			);
			path = API;
			sourceTree = "<group>";
		};
		C08EB16E252B510F0045A07A /* Controller */ = {
			isa = PBXGroup;
			children = (
				C08EB1A0252DE17E0045A07A /* Authentication */,
				C08EB186252BADFF0045A07A /* Home.swift */,
			);
			path = Controller;
			sourceTree = "<group>";
		};
		C08EB16F252B51110045A07A /* ViewModel */ = {
			isa = PBXGroup;
			children = (
				C08EB182252B7AB10045A07A /* LoginViewModel.swift */,
			);
			path = ViewModel;
			sourceTree = "<group>";
		};
		C08EB170252B51120045A07A /* View */ = {
			isa = PBXGroup;
			children = (
				C08EB1A1252DF21E0045A07A /* LocationActivationInputView.swift */,
			);
			path = View;
			sourceTree = "<group>";
		};
		C08EB171252B51130045A07A /* Model */ = {
			isa = PBXGroup;
			children = (
				C08EB184252B81080045A07A /* UserCredential.swift */,
			);
			path = Model;
			sourceTree = "<group>";
		};
		C08EB18D252C9C920045A07A /* YTaxiTests */ = {
			isa = PBXGroup;
			children = (
				C08EB199252CA64E0045A07A /* Mocks */,
				C08EB197252CA5000045A07A /* AuthLoginTest.swift */,
				C08EB19E252CC9110045A07A /* AuthSignupTest.swift */,
				C08EB196252CA5000045A07A /* YTaxiTests-Bridging-Header.h */,
				C08EB190252C9C920045A07A /* Info.plist */,
			);
			path = YTaxiTests;
			sourceTree = "<group>";
		};
		C08EB199252CA64E0045A07A /* Mocks */ = {
			isa = PBXGroup;
			children = (
				C08EB19A252CA7440045A07A /* LoginServiceMock.swift */,
				C08EB19C252CAC2B0045A07A /* SignupServiceMock.swift */,
			);
			path = Mocks;
			sourceTree = "<group>";
		};
		C08EB1A0252DE17E0045A07A /* Authentication */ = {
			isa = PBXGroup;
			children = (
				C08EB172252B51A00045A07A /* Login.swift */,
				C08EB174252B52F10045A07A /* Signup.swift */,
			);
			path = Authentication;
			sourceTree = "<group>";
		};
/* End PBXGroup section */

/* Begin PBXNativeTarget section */
		C08EB154252B49730045A07A /* YTaxi */ = {
			isa = PBXNativeTarget;
			buildConfigurationList = C08EB169252B49760045A07A /* Build configuration list for PBXNativeTarget "YTaxi" */;
			buildPhases = (
				1852C7D5BC30277824CA3C38 /* [CP] Check Pods Manifest.lock */,
				C08EB151252B49730045A07A /* Sources */,
				C08EB152252B49730045A07A /* Frameworks */,
				C08EB153252B49730045A07A /* Resources */,
				20D91083A5FBB3DA6A6A6ECE /* [CP] Embed Pods Frameworks */,
			);
			buildRules = (
			);
			dependencies = (
			);
			name = YTaxi;
			productName = YTaxi;
			productReference = C08EB155252B49730045A07A /* YTaxi.app */;
			productType = "com.apple.product-type.application";
		};
		C08EB18B252C9C920045A07A /* YTaxiTests */ = {
			isa = PBXNativeTarget;
			buildConfigurationList = C08EB195252C9C920045A07A /* Build configuration list for PBXNativeTarget "YTaxiTests" */;
			buildPhases = (
				5E80FA698E87C50481EFBEB8 /* [CP] Check Pods Manifest.lock */,
				C08EB188252C9C920045A07A /* Sources */,
				C08EB189252C9C920045A07A /* Frameworks */,
				C08EB18A252C9C920045A07A /* Resources */,
				A3B51D3BD9207E27E58EF0CF /* [CP] Embed Pods Frameworks */,
			);
			buildRules = (
			);
			dependencies = (
				C08EB192252C9C920045A07A /* PBXTargetDependency */,
			);
			name = YTaxiTests;
			productName = YTaxiTests;
			productReference = C08EB18C252C9C920045A07A /* YTaxiTests.xctest */;
			productType = "com.apple.product-type.bundle.unit-test";
		};
/* End PBXNativeTarget section */

/* Begin PBXProject section */
		C08EB14D252B49730045A07A /* Project object */ = {
			isa = PBXProject;
			attributes = {
				LastSwiftUpdateCheck = 1160;
				LastUpgradeCheck = 1160;
				ORGANIZATIONNAME = "Abdul Diallo";
				TargetAttributes = {
					C08EB154252B49730045A07A = {
						CreatedOnToolsVersion = 11.6;
					};
					C08EB18B252C9C920045A07A = {
						CreatedOnToolsVersion = 11.6;
						LastSwiftMigration = 1160;
						TestTargetID = C08EB154252B49730045A07A;
					};
				};
			};
			buildConfigurationList = C08EB150252B49730045A07A /* Build configuration list for PBXProject "YTaxi" */;
			compatibilityVersion = "Xcode 9.3";
			developmentRegion = en;
			hasScannedForEncodings = 0;
			knownRegions = (
				en,
				Base,
			);
			mainGroup = C08EB14C252B49730045A07A;
			productRefGroup = C08EB156252B49730045A07A /* Products */;
			projectDirPath = "";
			projectRoot = "";
			targets = (
				C08EB154252B49730045A07A /* YTaxi */,
				C08EB18B252C9C920045A07A /* YTaxiTests */,
			);
		};
/* End PBXProject section */

/* Begin PBXResourcesBuildPhase section */
		C08EB153252B49730045A07A /* Resources */ = {
			isa = PBXResourcesBuildPhase;
			buildActionMask = 2147483647;
			files = (
				C08EB165252B49760045A07A /* LaunchScreen.storyboard in Resources */,
				C08EB162252B49760045A07A /* Assets.xcassets in Resources */,
				C08EB17F252B5B940045A07A /* GoogleService-Info.plist in Resources */,
			);
			runOnlyForDeploymentPostprocessing = 0;
		};
		C08EB18A252C9C920045A07A /* Resources */ = {
			isa = PBXResourcesBuildPhase;
			buildActionMask = 2147483647;
			files = (
			);
			runOnlyForDeploymentPostprocessing = 0;
		};
/* End PBXResourcesBuildPhase section */

/* Begin PBXShellScriptBuildPhase section */
		1852C7D5BC30277824CA3C38 /* [CP] Check Pods Manifest.lock */ = {
			isa = PBXShellScriptBuildPhase;
			buildActionMask = 2147483647;
			files = (
			);
			inputFileListPaths = (
			);
			inputPaths = (
				"${PODS_PODFILE_DIR_PATH}/Podfile.lock",
				"${PODS_ROOT}/Manifest.lock",
			);
			name = "[CP] Check Pods Manifest.lock";
			outputFileListPaths = (
			);
			outputPaths = (
				"$(DERIVED_FILE_DIR)/Pods-YTaxi-checkManifestLockResult.txt",
			);
			runOnlyForDeploymentPostprocessing = 0;
			shellPath = /bin/sh;
			shellScript = "diff \"${PODS_PODFILE_DIR_PATH}/Podfile.lock\" \"${PODS_ROOT}/Manifest.lock\" > /dev/null\nif [ $? != 0 ] ; then\n    # print error to STDERR\n    echo \"error: The sandbox is not in sync with the Podfile.lock. Run 'pod install' or update your CocoaPods installation.\" >&2\n    exit 1\nfi\n# This output is used by Xcode 'outputs' to avoid re-running this script phase.\necho \"SUCCESS\" > \"${SCRIPT_OUTPUT_FILE_0}\"\n";
			showEnvVarsInLog = 0;
		};
		20D91083A5FBB3DA6A6A6ECE /* [CP] Embed Pods Frameworks */ = {
			isa = PBXShellScriptBuildPhase;
			buildActionMask = 2147483647;
			files = (
			);
			inputFileListPaths = (
				"${PODS_ROOT}/Target Support Files/Pods-YTaxi/Pods-YTaxi-frameworks-${CONFIGURATION}-input-files.xcfilelist",
			);
			name = "[CP] Embed Pods Frameworks";
			outputFileListPaths = (
				"${PODS_ROOT}/Target Support Files/Pods-YTaxi/Pods-YTaxi-frameworks-${CONFIGURATION}-output-files.xcfilelist",
			);
			runOnlyForDeploymentPostprocessing = 0;
			shellPath = /bin/sh;
			shellScript = "\"${PODS_ROOT}/Target Support Files/Pods-YTaxi/Pods-YTaxi-frameworks.sh\"\n";
			showEnvVarsInLog = 0;
		};
		5E80FA698E87C50481EFBEB8 /* [CP] Check Pods Manifest.lock */ = {
			isa = PBXShellScriptBuildPhase;
			buildActionMask = 2147483647;
			files = (
			);
			inputFileListPaths = (
			);
			inputPaths = (
				"${PODS_PODFILE_DIR_PATH}/Podfile.lock",
				"${PODS_ROOT}/Manifest.lock",
			);
			name = "[CP] Check Pods Manifest.lock";
			outputFileListPaths = (
			);
			outputPaths = (
				"$(DERIVED_FILE_DIR)/Pods-YTaxiTests-checkManifestLockResult.txt",
			);
			runOnlyForDeploymentPostprocessing = 0;
			shellPath = /bin/sh;
			shellScript = "diff \"${PODS_PODFILE_DIR_PATH}/Podfile.lock\" \"${PODS_ROOT}/Manifest.lock\" > /dev/null\nif [ $? != 0 ] ; then\n    # print error to STDERR\n    echo \"error: The sandbox is not in sync with the Podfile.lock. Run 'pod install' or update your CocoaPods installation.\" >&2\n    exit 1\nfi\n# This output is used by Xcode 'outputs' to avoid re-running this script phase.\necho \"SUCCESS\" > \"${SCRIPT_OUTPUT_FILE_0}\"\n";
			showEnvVarsInLog = 0;
		};
		A3B51D3BD9207E27E58EF0CF /* [CP] Embed Pods Frameworks */ = {
			isa = PBXShellScriptBuildPhase;
			buildActionMask = 2147483647;
			files = (
			);
			inputFileListPaths = (
				"${PODS_ROOT}/Target Support Files/Pods-YTaxiTests/Pods-YTaxiTests-frameworks-${CONFIGURATION}-input-files.xcfilelist",
			);
			name = "[CP] Embed Pods Frameworks";
			outputFileListPaths = (
				"${PODS_ROOT}/Target Support Files/Pods-YTaxiTests/Pods-YTaxiTests-frameworks-${CONFIGURATION}-output-files.xcfilelist",
			);
			runOnlyForDeploymentPostprocessing = 0;
			shellPath = /bin/sh;
			shellScript = "\"${PODS_ROOT}/Target Support Files/Pods-YTaxiTests/Pods-YTaxiTests-frameworks.sh\"\n";
			showEnvVarsInLog = 0;
		};
/* End PBXShellScriptBuildPhase section */

/* Begin PBXSourcesBuildPhase section */
		C08EB151252B49730045A07A /* Sources */ = {
			isa = PBXSourcesBuildPhase;
			buildActionMask = 2147483647;
			files = (
				C08EB17D252B53350045A07A /* UIView.swift in Sources */,
				C08EB17A252B53350045A07A /* UIButton.swift in Sources */,
				C08EB17C252B53350045A07A /* UIColor.swift in Sources */,
				C08EB181252B77600045A07A /* AuthenticationService.swift in Sources */,
				C08EB173252B51A00045A07A /* Login.swift in Sources */,
				C08EB175252B52F10045A07A /* Signup.swift in Sources */,
				C08EB159252B49730045A07A /* AppDelegate.swift in Sources */,
				C08EB1A2252DF21E0045A07A /* LocationActivationInputView.swift in Sources */,
				C08EB15B252B49730045A07A /* SceneDelegate.swift in Sources */,
				C08EB185252B81080045A07A /* UserCredential.swift in Sources */,
				C08EB183252B7AB10045A07A /* LoginViewModel.swift in Sources */,
				C08EB187252BADFF0045A07A /* Home.swift in Sources */,
				C08EB17B252B53350045A07A /* UITextField.swift in Sources */,
			);
			runOnlyForDeploymentPostprocessing = 0;
		};
		C08EB188252C9C920045A07A /* Sources */ = {
			isa = PBXSourcesBuildPhase;
			buildActionMask = 2147483647;
			files = (
				C08EB19D252CAC2B0045A07A /* SignupServiceMock.swift in Sources */,
				C08EB198252CA5000045A07A /* AuthLoginTest.swift in Sources */,
				C08EB19B252CA7440045A07A /* LoginServiceMock.swift in Sources */,
				C08EB19F252CC9110045A07A /* AuthSignupTest.swift in Sources */,
			);
			runOnlyForDeploymentPostprocessing = 0;
		};
/* End PBXSourcesBuildPhase section */

/* Begin PBXTargetDependency section */
		C08EB192252C9C920045A07A /* PBXTargetDependency */ = {
			isa = PBXTargetDependency;
			target = C08EB154252B49730045A07A /* YTaxi */;
			targetProxy = C08EB191252C9C920045A07A /* PBXContainerItemProxy */;
		};
/* End PBXTargetDependency section */

/* Begin PBXVariantGroup section */
		C08EB163252B49760045A07A /* LaunchScreen.storyboard */ = {
			isa = PBXVariantGroup;
			children = (
				C08EB164252B49760045A07A /* Base */,
			);
			name = LaunchScreen.storyboard;
			sourceTree = "<group>";
		};
/* End PBXVariantGroup section */

/* Begin XCBuildConfiguration section */
		C08EB167252B49760045A07A /* Debug */ = {
			isa = XCBuildConfiguration;
			buildSettings = {
				ALWAYS_SEARCH_USER_PATHS = NO;
				CLANG_ANALYZER_NONNULL = YES;
				CLANG_ANALYZER_NUMBER_OBJECT_CONVERSION = YES_AGGRESSIVE;
				CLANG_CXX_LANGUAGE_STANDARD = "gnu++14";
				CLANG_CXX_LIBRARY = "libc++";
				CLANG_ENABLE_MODULES = YES;
				CLANG_ENABLE_OBJC_ARC = YES;
				CLANG_ENABLE_OBJC_WEAK = YES;
				CLANG_WARN_BLOCK_CAPTURE_AUTORELEASING = YES;
				CLANG_WARN_BOOL_CONVERSION = YES;
				CLANG_WARN_COMMA = YES;
				CLANG_WARN_CONSTANT_CONVERSION = YES;
				CLANG_WARN_DEPRECATED_OBJC_IMPLEMENTATIONS = YES;
				CLANG_WARN_DIRECT_OBJC_ISA_USAGE = YES_ERROR;
				CLANG_WARN_DOCUMENTATION_COMMENTS = YES;
				CLANG_WARN_EMPTY_BODY = YES;
				CLANG_WARN_ENUM_CONVERSION = YES;
				CLANG_WARN_INFINITE_RECURSION = YES;
				CLANG_WARN_INT_CONVERSION = YES;
				CLANG_WARN_NON_LITERAL_NULL_CONVERSION = YES;
				CLANG_WARN_OBJC_IMPLICIT_RETAIN_SELF = YES;
				CLANG_WARN_OBJC_LITERAL_CONVERSION = YES;
				CLANG_WARN_OBJC_ROOT_CLASS = YES_ERROR;
				CLANG_WARN_RANGE_LOOP_ANALYSIS = YES;
				CLANG_WARN_STRICT_PROTOTYPES = YES;
				CLANG_WARN_SUSPICIOUS_MOVE = YES;
				CLANG_WARN_UNGUARDED_AVAILABILITY = YES_AGGRESSIVE;
				CLANG_WARN_UNREACHABLE_CODE = YES;
				CLANG_WARN__DUPLICATE_METHOD_MATCH = YES;
				COPY_PHASE_STRIP = NO;
				DEBUG_INFORMATION_FORMAT = dwarf;
				ENABLE_STRICT_OBJC_MSGSEND = YES;
				ENABLE_TESTABILITY = YES;
				GCC_C_LANGUAGE_STANDARD = gnu11;
				GCC_DYNAMIC_NO_PIC = NO;
				GCC_NO_COMMON_BLOCKS = YES;
				GCC_OPTIMIZATION_LEVEL = 0;
				GCC_PREPROCESSOR_DEFINITIONS = (
					"DEBUG=1",
					"$(inherited)",
				);
				GCC_WARN_64_TO_32_BIT_CONVERSION = YES;
				GCC_WARN_ABOUT_RETURN_TYPE = YES_ERROR;
				GCC_WARN_UNDECLARED_SELECTOR = YES;
				GCC_WARN_UNINITIALIZED_AUTOS = YES_AGGRESSIVE;
				GCC_WARN_UNUSED_FUNCTION = YES;
				GCC_WARN_UNUSED_VARIABLE = YES;
				IPHONEOS_DEPLOYMENT_TARGET = 13.6;
				MTL_ENABLE_DEBUG_INFO = INCLUDE_SOURCE;
				MTL_FAST_MATH = YES;
				ONLY_ACTIVE_ARCH = YES;
				SDKROOT = iphoneos;
				SWIFT_ACTIVE_COMPILATION_CONDITIONS = DEBUG;
				SWIFT_OPTIMIZATION_LEVEL = "-Onone";
			};
			name = Debug;
		};
		C08EB168252B49760045A07A /* Release */ = {
			isa = XCBuildConfiguration;
			buildSettings = {
				ALWAYS_SEARCH_USER_PATHS = NO;
				CLANG_ANALYZER_NONNULL = YES;
				CLANG_ANALYZER_NUMBER_OBJECT_CONVERSION = YES_AGGRESSIVE;
				CLANG_CXX_LANGUAGE_STANDARD = "gnu++14";
				CLANG_CXX_LIBRARY = "libc++";
				CLANG_ENABLE_MODULES = YES;
				CLANG_ENABLE_OBJC_ARC = YES;
				CLANG_ENABLE_OBJC_WEAK = YES;
				CLANG_WARN_BLOCK_CAPTURE_AUTORELEASING = YES;
				CLANG_WARN_BOOL_CONVERSION = YES;
				CLANG_WARN_COMMA = YES;
				CLANG_WARN_CONSTANT_CONVERSION = YES;
				CLANG_WARN_DEPRECATED_OBJC_IMPLEMENTATIONS = YES;
				CLANG_WARN_DIRECT_OBJC_ISA_USAGE = YES_ERROR;
				CLANG_WARN_DOCUMENTATION_COMMENTS = YES;
				CLANG_WARN_EMPTY_BODY = YES;
				CLANG_WARN_ENUM_CONVERSION = YES;
				CLANG_WARN_INFINITE_RECURSION = YES;
				CLANG_WARN_INT_CONVERSION = YES;
				CLANG_WARN_NON_LITERAL_NULL_CONVERSION = YES;
				CLANG_WARN_OBJC_IMPLICIT_RETAIN_SELF = YES;
				CLANG_WARN_OBJC_LITERAL_CONVERSION = YES;
				CLANG_WARN_OBJC_ROOT_CLASS = YES_ERROR;
				CLANG_WARN_RANGE_LOOP_ANALYSIS = YES;
				CLANG_WARN_STRICT_PROTOTYPES = YES;
				CLANG_WARN_SUSPICIOUS_MOVE = YES;
				CLANG_WARN_UNGUARDED_AVAILABILITY = YES_AGGRESSIVE;
				CLANG_WARN_UNREACHABLE_CODE = YES;
				CLANG_WARN__DUPLICATE_METHOD_MATCH = YES;
				COPY_PHASE_STRIP = NO;
				DEBUG_INFORMATION_FORMAT = "dwarf-with-dsym";
				ENABLE_NS_ASSERTIONS = NO;
				ENABLE_STRICT_OBJC_MSGSEND = YES;
				GCC_C_LANGUAGE_STANDARD = gnu11;
				GCC_NO_COMMON_BLOCKS = YES;
				GCC_WARN_64_TO_32_BIT_CONVERSION = YES;
				GCC_WARN_ABOUT_RETURN_TYPE = YES_ERROR;
				GCC_WARN_UNDECLARED_SELECTOR = YES;
				GCC_WARN_UNINITIALIZED_AUTOS = YES_AGGRESSIVE;
				GCC_WARN_UNUSED_FUNCTION = YES;
				GCC_WARN_UNUSED_VARIABLE = YES;
				IPHONEOS_DEPLOYMENT_TARGET = 13.6;
				MTL_ENABLE_DEBUG_INFO = NO;
				MTL_FAST_MATH = YES;
				SDKROOT = iphoneos;
				SWIFT_COMPILATION_MODE = wholemodule;
				SWIFT_OPTIMIZATION_LEVEL = "-O";
				VALIDATE_PRODUCT = YES;
			};
			name = Release;
		};
		C08EB16A252B49760045A07A /* Debug */ = {
			isa = XCBuildConfiguration;
			baseConfigurationReference = 3D32AF4D5CCF1B6FE3B239D5 /* Pods-YTaxi.debug.xcconfig */;
			buildSettings = {
				ASSETCATALOG_COMPILER_APPICON_NAME = AppIcon;
				CODE_SIGN_STYLE = Automatic;
				DEVELOPMENT_TEAM = ZNY957A2G6;
				INFOPLIST_FILE = YTaxi/Info.plist;
				LD_RUNPATH_SEARCH_PATHS = (
					"$(inherited)",
					"@executable_path/Frameworks",
				);
				PRODUCT_BUNDLE_IDENTIFIER = com.abdulCo.YTaxi;
				PRODUCT_NAME = "$(TARGET_NAME)";
				SWIFT_VERSION = 5.0;
				TARGETED_DEVICE_FAMILY = "1,2";
			};
			name = Debug;
		};
		C08EB16B252B49760045A07A /* Release */ = {
			isa = XCBuildConfiguration;
			baseConfigurationReference = 6620A1919840E315BA998258 /* Pods-YTaxi.release.xcconfig */;
			buildSettings = {
				ASSETCATALOG_COMPILER_APPICON_NAME = AppIcon;
				CODE_SIGN_STYLE = Automatic;
				DEVELOPMENT_TEAM = ZNY957A2G6;
				INFOPLIST_FILE = YTaxi/Info.plist;
				LD_RUNPATH_SEARCH_PATHS = (
					"$(inherited)",
					"@executable_path/Frameworks",
				);
				PRODUCT_BUNDLE_IDENTIFIER = com.abdulCo.YTaxi;
				PRODUCT_NAME = "$(TARGET_NAME)";
				SWIFT_VERSION = 5.0;
				TARGETED_DEVICE_FAMILY = "1,2";
			};
			name = Release;
		};
		C08EB193252C9C920045A07A /* Debug */ = {
			isa = XCBuildConfiguration;
			baseConfigurationReference = A6AE3C43A4C07A7EADC7D559 /* Pods-YTaxiTests.debug.xcconfig */;
			buildSettings = {
				BUNDLE_LOADER = "$(TEST_HOST)";
				CLANG_ENABLE_MODULES = YES;
				CODE_SIGN_STYLE = Automatic;
				DEVELOPMENT_TEAM = ZNY957A2G6;
				INFOPLIST_FILE = YTaxiTests/Info.plist;
				LD_RUNPATH_SEARCH_PATHS = (
					"$(inherited)",
					"@executable_path/Frameworks",
					"@loader_path/Frameworks",
				);
				PRODUCT_BUNDLE_IDENTIFIER = com.abdulCo.YTaxiTests;
				PRODUCT_NAME = "$(TARGET_NAME)";
				SWIFT_OBJC_BRIDGING_HEADER = "YTaxiTests/YTaxiTests-Bridging-Header.h";
				SWIFT_OPTIMIZATION_LEVEL = "-Onone";
				SWIFT_VERSION = 5.0;
				TARGETED_DEVICE_FAMILY = "1,2";
				TEST_HOST = "$(BUILT_PRODUCTS_DIR)/YTaxi.app/YTaxi";
			};
			name = Debug;
		};
		C08EB194252C9C920045A07A /* Release */ = {
			isa = XCBuildConfiguration;
			baseConfigurationReference = 4FEF1419373F6930CF2B5052 /* Pods-YTaxiTests.release.xcconfig */;
			buildSettings = {
				BUNDLE_LOADER = "$(TEST_HOST)";
				CLANG_ENABLE_MODULES = YES;
				CODE_SIGN_STYLE = Automatic;
				DEVELOPMENT_TEAM = ZNY957A2G6;
				INFOPLIST_FILE = YTaxiTests/Info.plist;
				LD_RUNPATH_SEARCH_PATHS = (
					"$(inherited)",
					"@executable_path/Frameworks",
					"@loader_path/Frameworks",
				);
				PRODUCT_BUNDLE_IDENTIFIER = com.abdulCo.YTaxiTests;
				PRODUCT_NAME = "$(TARGET_NAME)";
				SWIFT_OBJC_BRIDGING_HEADER = "YTaxiTests/YTaxiTests-Bridging-Header.h";
				SWIFT_VERSION = 5.0;
				TARGETED_DEVICE_FAMILY = "1,2";
				TEST_HOST = "$(BUILT_PRODUCTS_DIR)/YTaxi.app/YTaxi";
			};
			name = Release;
		};
/* End XCBuildConfiguration section */

/* Begin XCConfigurationList section */
		C08EB150252B49730045A07A /* Build configuration list for PBXProject "YTaxi" */ = {
			isa = XCConfigurationList;
			buildConfigurations = (
				C08EB167252B49760045A07A /* Debug */,
				C08EB168252B49760045A07A /* Release */,
			);
			defaultConfigurationIsVisible = 0;
			defaultConfigurationName = Release;
		};
		C08EB169252B49760045A07A /* Build configuration list for PBXNativeTarget "YTaxi" */ = {
			isa = XCConfigurationList;
			buildConfigurations = (
				C08EB16A252B49760045A07A /* Debug */,
				C08EB16B252B49760045A07A /* Release */,
			);
			defaultConfigurationIsVisible = 0;
			defaultConfigurationName = Release;
		};
		C08EB195252C9C920045A07A /* Build configuration list for PBXNativeTarget "YTaxiTests" */ = {
			isa = XCConfigurationList;
			buildConfigurations = (
				C08EB193252C9C920045A07A /* Debug */,
				C08EB194252C9C920045A07A /* Release */,
			);
			defaultConfigurationIsVisible = 0;
			defaultConfigurationName = Release;
		};
/* End XCConfigurationList section */
	};
	rootObject = C08EB14D252B49730045A07A /* Project object */;
}
